
Microsoft Visual Studio Solution File, Format Version 12.00
# Visual Studio Version 17
VisualStudioVersion = 17.3.32922.545
MinimumVisualStudioVersion = 10.0.40219.1
Project("{FAE04EC0-301F-11D3-BF4B-00C04F79EFBC}") = "CentruTransfuzieSange", "CentruTransfuzieSange\CentruTransfuzieSange.csproj", "{CC38F89F-8349-4C61-8A28-2ECDB6273926}"
EndProject
Global
	GlobalSection(SolutionConfigurationPlatforms) = preSolution
		Debug|Any CPU = Debug|Any CPU
		Release|Any CPU = Release|Any CPU
	EndGlobalSection
	GlobalSection(ProjectConfigurationPlatforms) = postSolution
		{CC38F89F-8349-4C61-8A28-2ECDB6273926}.Debug|Any CPU.ActiveCfg = Debug|Any CPU
		{CC38F89F-8349-4C61-8A28-2ECDB6273926}.Debug|Any CPU.Build.0 = Debug|Any CPU
		{CC38F89F-8349-4C61-8A28-2ECDB6273926}.Release|Any CPU.ActiveCfg = Release|Any CPU
		{CC38F89F-8349-4C61-8A28-2ECDB6273926}.Release|Any CPU.Build.0 = Release|Any CPU
	EndGlobalSection
	GlobalSection(SolutionProperties) = preSolution
		HideSolutionNode = FALSE
	EndGlobalSection
	GlobalSection(ExtensibilityGlobals) = postSolution
		SolutionGuid = {689FD41F-37D0-417C-91C7-0905EEBF9A40}
	EndGlobalSection
EndGlobal
